
Microsoft Visual Studio Solution File, Format Version 12.00
# Visual Studio Version 17
VisualStudioVersion = 17.9.34902.65
MinimumVisualStudioVersion = 10.0.40219.1
Project("{9A19103F-16F7-4668-BE54-9A1E7A4F7556}") = "TeamsHubDesktopClient", "TeamsHubDesktopClient.csproj", "{D3B435F4-5F06-4E6B-9F9C-AE1F9329507A}"
EndProject
Global
	GlobalSection(SolutionConfigurationPlatforms) = preSolution
		Debug|Any CPU = Debug|Any CPU
		Release|Any CPU = Release|Any CPU
	EndGlobalSection
	GlobalSection(ProjectConfigurationPlatforms) = postSolution
		{D3B435F4-5F06-4E6B-9F9C-AE1F9329507A}.Debug|Any CPU.ActiveCfg = Debug|Any CPU
		{D3B435F4-5F06-4E6B-9F9C-AE1F9329507A}.Debug|Any CPU.Build.0 = Debug|Any CPU
		{D3B435F4-5F06-4E6B-9F9C-AE1F9329507A}.Release|Any CPU.ActiveCfg = Release|Any CPU
		{D3B435F4-5F06-4E6B-9F9C-AE1F9329507A}.Release|Any CPU.Build.0 = Release|Any CPU
	EndGlobalSection
	GlobalSection(SolutionProperties) = preSolution
		HideSolutionNode = FALSE
	EndGlobalSection
	GlobalSection(ExtensibilityGlobals) = postSolution
		SolutionGuid = {E5649806-9C43-41D7-9504-E2CA825B1B94}
	EndGlobalSection
EndGlobal
